// !$*UTF8*$!
{
	archiveVersion = 1;
	classes = {
	};
	objectVersion = 46;
	objects = {

/* Begin PBXBuildFile section */
		A25A3A031CEF1E1B00600389 /* Main.storyboard in Resources */ = {isa = PBXBuildFile; fileRef = A25A3A011CEF1E1B00600389 /* Main.storyboard */; };
		A25A3A051CEF1E1B00600389 /* Assets.xcassets in Resources */ = {isa = PBXBuildFile; fileRef = A25A3A041CEF1E1B00600389 /* Assets.xcassets */; };
		A25A3A081CEF1E1B00600389 /* LaunchScreen.storyboard in Resources */ = {isa = PBXBuildFile; fileRef = A25A3A061CEF1E1B00600389 /* LaunchScreen.storyboard */; };
		A25A3A131CEF1E1B00600389 /* NurseAvailabilityTests.swift in Sources */ = {isa = PBXBuildFile; fileRef = A25A3A121CEF1E1B00600389 /* NurseAvailabilityTests.swift */; };
		A25A3A1E1CEF1E1B00600389 /* NurseAvailabilityUITests.swift in Sources */ = {isa = PBXBuildFile; fileRef = A25A3A1D1CEF1E1B00600389 /* NurseAvailabilityUITests.swift */; };
		A25A3A361CEF476100600389 /* SignUpViewController.swift in Sources */ = {isa = PBXBuildFile; fileRef = A25A3A351CEF476100600389 /* SignUpViewController.swift */; };
		A25A3A3C1CEF70EA00600389 /* SignUpDetailsView.swift in Sources */ = {isa = PBXBuildFile; fileRef = A25A3A3B1CEF70EA00600389 /* SignUpDetailsView.swift */; };
		A279D6161D6269CF001A601D /* NurseEventClient.swift in Sources */ = {isa = PBXBuildFile; fileRef = A279D6151D6269CF001A601D /* NurseEventClient.swift */; };
		A279D6181D6506F0001A601D /* AvailabilityViewModel.swift in Sources */ = {isa = PBXBuildFile; fileRef = A279D6171D6506EF001A601D /* AvailabilityViewModel.swift */; };
		A299E0E81CF4548700DDC539 /* NurseSignUpClient.swift in Sources */ = {isa = PBXBuildFile; fileRef = A299E0E71CF4548700DDC539 /* NurseSignUpClient.swift */; };
		A299E0EB1CF49F6D00DDC539 /* Validator.swift in Sources */ = {isa = PBXBuildFile; fileRef = A299E0EA1CF49F6D00DDC539 /* Validator.swift */; };
		A299E0ED1CF4F5E400DDC539 /* HomeViewController.swift in Sources */ = {isa = PBXBuildFile; fileRef = A299E0EC1CF4F5E400DDC539 /* HomeViewController.swift */; };
		A299E0EF1CF4F5F100DDC539 /* SignUpViewModel.swift in Sources */ = {isa = PBXBuildFile; fileRef = A299E0EE1CF4F5F100DDC539 /* SignUpViewModel.swift */; };
		A299E0F11CF4F60100DDC539 /* AppDelegate.swift in Sources */ = {isa = PBXBuildFile; fileRef = A299E0F01CF4F60100DDC539 /* AppDelegate.swift */; };
		A299E0F61CF4F61F00DDC539 /* nurse_login.png in Resources */ = {isa = PBXBuildFile; fileRef = A299E0F41CF4F61F00DDC539 /* nurse_login.png */; };
		A299E0F71CF4F61F00DDC539 /* nurse_register.png in Resources */ = {isa = PBXBuildFile; fileRef = A299E0F51CF4F61F00DDC539 /* nurse_register.png */; };
		A299E0F91CF4F66700DDC539 /* Info.plist in Resources */ = {isa = PBXBuildFile; fileRef = A299E0F81CF4F66700DDC539 /* Info.plist */; };
		A2AEB8171CF7370A0006BEF2 /* LoginViewController.swift in Sources */ = {isa = PBXBuildFile; fileRef = A2AEB8161CF7370A0006BEF2 /* LoginViewController.swift */; };
		A2AEB8191CF73AD30006BEF2 /* LoginViewModel.swift in Sources */ = {isa = PBXBuildFile; fileRef = A2AEB8181CF73AD30006BEF2 /* LoginViewModel.swift */; };
		A2AEB81B1CF73BEC0006BEF2 /* NurseLoginClient.swift in Sources */ = {isa = PBXBuildFile; fileRef = A2AEB81A1CF73BEC0006BEF2 /* NurseLoginClient.swift */; };
		A2FAA1AB1D32CE07003BD207 /* AvailabilityViewController.swift in Sources */ = {isa = PBXBuildFile; fileRef = A2FAA1AA1D32CE07003BD207 /* AvailabilityViewController.swift */; };
		E768AD95D23079F996057D89 /* libPods-NurseAvailability.a in Frameworks */ = {isa = PBXBuildFile; fileRef = DAB3E0CF860EE53A7CFCB340 /* libPods-NurseAvailability.a */; };
/* End PBXBuildFile section */

/* Begin PBXContainerItemProxy section */
		A25A3A0F1CEF1E1B00600389 /* PBXContainerItemProxy */ = {
			isa = PBXContainerItemProxy;
			containerPortal = A25A39F21CEF1E1B00600389 /* Project object */;
			proxyType = 1;
			remoteGlobalIDString = A25A39F91CEF1E1B00600389;
			remoteInfo = NurseAvailability;
		};
		A25A3A1A1CEF1E1B00600389 /* PBXContainerItemProxy */ = {
			isa = PBXContainerItemProxy;
			containerPortal = A25A39F21CEF1E1B00600389 /* Project object */;
			proxyType = 1;
			remoteGlobalIDString = A25A39F91CEF1E1B00600389;
			remoteInfo = NurseAvailability;
		};
/* End PBXContainerItemProxy section */

/* Begin PBXFileReference section */
		478980AF62E625E515EC7212 /* Pods-NurseAvailability.debug.xcconfig */ = {isa = PBXFileReference; includeInIndex = 1; lastKnownFileType = text.xcconfig; name = "Pods-NurseAvailability.debug.xcconfig"; path = "Pods/Target Support Files/Pods-NurseAvailability/Pods-NurseAvailability.debug.xcconfig"; sourceTree = "<group>"; };
		8ADCD76341EF18B9586E6E24 /* Pods-NurseAvailability.release.xcconfig */ = {isa = PBXFileReference; includeInIndex = 1; lastKnownFileType = text.xcconfig; name = "Pods-NurseAvailability.release.xcconfig"; path = "Pods/Target Support Files/Pods-NurseAvailability/Pods-NurseAvailability.release.xcconfig"; sourceTree = "<group>"; };
		A25A39FA1CEF1E1B00600389 /* NurseAvailability.app */ = {isa = PBXFileReference; explicitFileType = wrapper.application; includeInIndex = 0; path = NurseAvailability.app; sourceTree = BUILT_PRODUCTS_DIR; };
		A25A3A021CEF1E1B00600389 /* Base */ = {isa = PBXFileReference; lastKnownFileType = file.storyboard; name = Base; path = Base.lproj/Main.storyboard; sourceTree = "<group>"; };
		A25A3A041CEF1E1B00600389 /* Assets.xcassets */ = {isa = PBXFileReference; lastKnownFileType = folder.assetcatalog; path = Assets.xcassets; sourceTree = "<group>"; };
		A25A3A071CEF1E1B00600389 /* Base */ = {isa = PBXFileReference; lastKnownFileType = file.storyboard; name = Base; path = Base.lproj/LaunchScreen.storyboard; sourceTree = "<group>"; };
		A25A3A0E1CEF1E1B00600389 /* NurseAvailabilityTests.xctest */ = {isa = PBXFileReference; explicitFileType = wrapper.cfbundle; includeInIndex = 0; path = NurseAvailabilityTests.xctest; sourceTree = BUILT_PRODUCTS_DIR; };
		A25A3A121CEF1E1B00600389 /* NurseAvailabilityTests.swift */ = {isa = PBXFileReference; lastKnownFileType = sourcecode.swift; path = NurseAvailabilityTests.swift; sourceTree = "<group>"; };
		A25A3A141CEF1E1B00600389 /* Info.plist */ = {isa = PBXFileReference; lastKnownFileType = text.plist.xml; path = Info.plist; sourceTree = "<group>"; };
		A25A3A191CEF1E1B00600389 /* NurseAvailabilityUITests.xctest */ = {isa = PBXFileReference; explicitFileType = wrapper.cfbundle; includeInIndex = 0; path = NurseAvailabilityUITests.xctest; sourceTree = BUILT_PRODUCTS_DIR; };
		A25A3A1D1CEF1E1B00600389 /* NurseAvailabilityUITests.swift */ = {isa = PBXFileReference; lastKnownFileType = sourcecode.swift; path = NurseAvailabilityUITests.swift; sourceTree = "<group>"; };
		A25A3A1F1CEF1E1B00600389 /* Info.plist */ = {isa = PBXFileReference; lastKnownFileType = text.plist.xml; path = Info.plist; sourceTree = "<group>"; };
		A25A3A351CEF476100600389 /* SignUpViewController.swift */ = {isa = PBXFileReference; fileEncoding = 4; lastKnownFileType = sourcecode.swift; name = SignUpViewController.swift; path = ViewController/SignUpViewController.swift; sourceTree = "<group>"; };
		A25A3A3B1CEF70EA00600389 /* SignUpDetailsView.swift */ = {isa = PBXFileReference; fileEncoding = 4; lastKnownFileType = sourcecode.swift; name = SignUpDetailsView.swift; path = View/SignUpDetailsView.swift; sourceTree = "<group>"; };
		A279D6151D6269CF001A601D /* NurseEventClient.swift */ = {isa = PBXFileReference; fileEncoding = 4; lastKnownFileType = sourcecode.swift; name = NurseEventClient.swift; path = Network/NurseEventClient.swift; sourceTree = "<group>"; };
		A279D6171D6506EF001A601D /* AvailabilityViewModel.swift */ = {isa = PBXFileReference; fileEncoding = 4; lastKnownFileType = sourcecode.swift; name = AvailabilityViewModel.swift; path = ViewModel/AvailabilityViewModel.swift; sourceTree = "<group>"; };
		A299E0E71CF4548700DDC539 /* NurseSignUpClient.swift */ = {isa = PBXFileReference; fileEncoding = 4; lastKnownFileType = sourcecode.swift; name = NurseSignUpClient.swift; path = Network/NurseSignUpClient.swift; sourceTree = "<group>"; };
		A299E0EA1CF49F6D00DDC539 /* Validator.swift */ = {isa = PBXFileReference; fileEncoding = 4; lastKnownFileType = sourcecode.swift; name = Validator.swift; path = Validator/Validator.swift; sourceTree = "<group>"; };
		A299E0EC1CF4F5E400DDC539 /* HomeViewController.swift */ = {isa = PBXFileReference; fileEncoding = 4; lastKnownFileType = sourcecode.swift; name = HomeViewController.swift; path = ViewController/HomeViewController.swift; sourceTree = "<group>"; };
		A299E0EE1CF4F5F100DDC539 /* SignUpViewModel.swift */ = {isa = PBXFileReference; fileEncoding = 4; lastKnownFileType = sourcecode.swift; name = SignUpViewModel.swift; path = ViewModel/SignUpViewModel.swift; sourceTree = "<group>"; };
		A299E0F01CF4F60100DDC539 /* AppDelegate.swift */ = {isa = PBXFileReference; fileEncoding = 4; lastKnownFileType = sourcecode.swift; name = AppDelegate.swift; path = "Supporting Files/AppDelegate.swift"; sourceTree = "<group>"; };
		A299E0F41CF4F61F00DDC539 /* nurse_login.png */ = {isa = PBXFileReference; lastKnownFileType = image.png; name = nurse_login.png; path = "Supporting Files/Images/nurse_login.png"; sourceTree = "<group>"; };
		A299E0F51CF4F61F00DDC539 /* nurse_register.png */ = {isa = PBXFileReference; lastKnownFileType = image.png; name = nurse_register.png; path = "Supporting Files/Images/nurse_register.png"; sourceTree = "<group>"; };
		A299E0F81CF4F66700DDC539 /* Info.plist */ = {isa = PBXFileReference; fileEncoding = 4; lastKnownFileType = text.plist.xml; path = Info.plist; sourceTree = "<group>"; };
		A2AEB8161CF7370A0006BEF2 /* LoginViewController.swift */ = {isa = PBXFileReference; fileEncoding = 4; lastKnownFileType = sourcecode.swift; name = LoginViewController.swift; path = NurseAvailabilityUITests/LoginViewController.swift; sourceTree = SOURCE_ROOT; };
		A2AEB8181CF73AD30006BEF2 /* LoginViewModel.swift */ = {isa = PBXFileReference; fileEncoding = 4; lastKnownFileType = sourcecode.swift; name = LoginViewModel.swift; path = ViewModel/LoginViewModel.swift; sourceTree = "<group>"; };
		A2AEB81A1CF73BEC0006BEF2 /* NurseLoginClient.swift */ = {isa = PBXFileReference; fileEncoding = 4; lastKnownFileType = sourcecode.swift; name = NurseLoginClient.swift; path = Network/NurseLoginClient.swift; sourceTree = "<group>"; };
		A2FAA1AA1D32CE07003BD207 /* AvailabilityViewController.swift */ = {isa = PBXFileReference; fileEncoding = 4; lastKnownFileType = sourcecode.swift; name = AvailabilityViewController.swift; path = ViewController/AvailabilityViewController.swift; sourceTree = "<group>"; };
		A2FAA1AD1D32D905003BD207 /* NurseAvailability-bridging-header.h */ = {isa = PBXFileReference; lastKnownFileType = sourcecode.c.h; name = "NurseAvailability-bridging-header.h"; path = "Supporting Files/NurseAvailability-bridging-header.h"; sourceTree = "<group>"; };
		DAB3E0CF860EE53A7CFCB340 /* libPods-NurseAvailability.a */ = {isa = PBXFileReference; explicitFileType = archive.ar; includeInIndex = 0; path = "libPods-NurseAvailability.a"; sourceTree = BUILT_PRODUCTS_DIR; };
/* End PBXFileReference section */

/* Begin PBXFrameworksBuildPhase section */
		A25A39F71CEF1E1B00600389 /* Frameworks */ = {
			isa = PBXFrameworksBuildPhase;
			buildActionMask = 2147483647;
			files = (
				E768AD95D23079F996057D89 /* libPods-NurseAvailability.a in Frameworks */,
			);
			runOnlyForDeploymentPostprocessing = 0;
		};
		A25A3A0B1CEF1E1B00600389 /* Frameworks */ = {
			isa = PBXFrameworksBuildPhase;
			buildActionMask = 2147483647;
			files = (
			);
			runOnlyForDeploymentPostprocessing = 0;
		};
		A25A3A161CEF1E1B00600389 /* Frameworks */ = {
			isa = PBXFrameworksBuildPhase;
			buildActionMask = 2147483647;
			files = (
			);
			runOnlyForDeploymentPostprocessing = 0;
		};
/* End PBXFrameworksBuildPhase section */

/* Begin PBXGroup section */
		942208322C97BA055E8F3B32 /* Frameworks */ = {
			isa = PBXGroup;
			children = (
				DAB3E0CF860EE53A7CFCB340 /* libPods-NurseAvailability.a */,
			);
			name = Frameworks;
			sourceTree = "<group>";
		};
		A25A39F11CEF1E1B00600389 = {
			isa = PBXGroup;
			children = (
				A25A39FC1CEF1E1B00600389 /* NurseAvailability */,
				A25A3A111CEF1E1B00600389 /* NurseAvailabilityTests */,
				A25A3A1C1CEF1E1B00600389 /* NurseAvailabilityUITests */,
				A25A39FB1CEF1E1B00600389 /* Products */,
				942208322C97BA055E8F3B32 /* Frameworks */,
				D110E754C8512687C5F2A668 /* Pods */,
			);
			sourceTree = "<group>";
		};
		A25A39FB1CEF1E1B00600389 /* Products */ = {
			isa = PBXGroup;
			children = (
				A25A39FA1CEF1E1B00600389 /* NurseAvailability.app */,
				A25A3A0E1CEF1E1B00600389 /* NurseAvailabilityTests.xctest */,
				A25A3A191CEF1E1B00600389 /* NurseAvailabilityUITests.xctest */,
			);
			name = Products;
			sourceTree = "<group>";
		};
		A25A39FC1CEF1E1B00600389 /* NurseAvailability */ = {
			isa = PBXGroup;
			children = (
				A299E0E91CF49F5C00DDC539 /* Validator */,
				A299E0E51CF451EA00DDC539 /* Network */,
				A25A3A3A1CEF70CC00600389 /* View */,
				A25A3A341CEF474300600389 /* ViewController */,
				A299E0DF1CF34BF100DDC539 /* ViewModel */,
				A299E0F01CF4F60100DDC539 /* AppDelegate.swift */,
				A25A3A011CEF1E1B00600389 /* Main.storyboard */,
				A25A3A2B1CEF21F800600389 /* Supporting Files */,
			);
			path = NurseAvailability;
			sourceTree = "<group>";
		};
		A25A3A111CEF1E1B00600389 /* NurseAvailabilityTests */ = {
			isa = PBXGroup;
			children = (
				A25A3A121CEF1E1B00600389 /* NurseAvailabilityTests.swift */,
				A25A3A141CEF1E1B00600389 /* Info.plist */,
			);
			path = NurseAvailabilityTests;
			sourceTree = "<group>";
		};
		A25A3A1C1CEF1E1B00600389 /* NurseAvailabilityUITests */ = {
			isa = PBXGroup;
			children = (
				A25A3A1D1CEF1E1B00600389 /* NurseAvailabilityUITests.swift */,
				A25A3A1F1CEF1E1B00600389 /* Info.plist */,
			);
			path = NurseAvailabilityUITests;
			sourceTree = "<group>";
		};
		A25A3A2B1CEF21F800600389 /* Supporting Files */ = {
			isa = PBXGroup;
			children = (
				A299E0F81CF4F66700DDC539 /* Info.plist */,
				A25A3A061CEF1E1B00600389 /* LaunchScreen.storyboard */,
				A25A3A041CEF1E1B00600389 /* Assets.xcassets */,
				A25A3A2C1CEF21FE00600389 /* Images */,
				A2FAA1AD1D32D905003BD207 /* NurseAvailability-bridging-header.h */,
			);
			name = "Supporting Files";
			sourceTree = "<group>";
		};
		A25A3A2C1CEF21FE00600389 /* Images */ = {
			isa = PBXGroup;
			children = (
				A25A3A2D1CEF220200600389 /* Login */,
			);
			name = Images;
			sourceTree = "<group>";
		};
		A25A3A2D1CEF220200600389 /* Login */ = {
			isa = PBXGroup;
			children = (
				A299E0F41CF4F61F00DDC539 /* nurse_login.png */,
				A299E0F51CF4F61F00DDC539 /* nurse_register.png */,
			);
			name = Login;
			sourceTree = "<group>";
		};
		A25A3A341CEF474300600389 /* ViewController */ = {
			isa = PBXGroup;
			children = (
				A299E0EC1CF4F5E400DDC539 /* HomeViewController.swift */,
				A25A3A351CEF476100600389 /* SignUpViewController.swift */,
				A2AEB8161CF7370A0006BEF2 /* LoginViewController.swift */,
				A2FAA1AA1D32CE07003BD207 /* AvailabilityViewController.swift */,
			);
			name = ViewController;
			sourceTree = "<group>";
		};
		A25A3A3A1CEF70CC00600389 /* View */ = {
			isa = PBXGroup;
			children = (
				A25A3A3B1CEF70EA00600389 /* SignUpDetailsView.swift */,
			);
			name = View;
			sourceTree = "<group>";
		};
		A299E0DF1CF34BF100DDC539 /* ViewModel */ = {
			isa = PBXGroup;
			children = (
				A299E0EE1CF4F5F100DDC539 /* SignUpViewModel.swift */,
				A2AEB8181CF73AD30006BEF2 /* LoginViewModel.swift */,
				A279D6171D6506EF001A601D /* AvailabilityViewModel.swift */,
			);
			name = ViewModel;
			sourceTree = "<group>";
		};
		A299E0E51CF451EA00DDC539 /* Network */ = {
			isa = PBXGroup;
			children = (
				A299E0E71CF4548700DDC539 /* NurseSignUpClient.swift */,
				A2AEB81A1CF73BEC0006BEF2 /* NurseLoginClient.swift */,
				A279D6151D6269CF001A601D /* NurseEventClient.swift */,
			);
			name = Network;
			sourceTree = "<group>";
		};
		A299E0E91CF49F5C00DDC539 /* Validator */ = {
			isa = PBXGroup;
			children = (
				A299E0EA1CF49F6D00DDC539 /* Validator.swift */,
			);
			name = Validator;
			sourceTree = "<group>";
		};
		D110E754C8512687C5F2A668 /* Pods */ = {
			isa = PBXGroup;
			children = (
				478980AF62E625E515EC7212 /* Pods-NurseAvailability.debug.xcconfig */,
				8ADCD76341EF18B9586E6E24 /* Pods-NurseAvailability.release.xcconfig */,
			);
			name = Pods;
			sourceTree = "<group>";
		};
/* End PBXGroup section */

/* Begin PBXNativeTarget section */
		A25A39F91CEF1E1B00600389 /* NurseAvailability */ = {
			isa = PBXNativeTarget;
			buildConfigurationList = A25A3A221CEF1E1B00600389 /* Build configuration list for PBXNativeTarget "NurseAvailability" */;
			buildPhases = (
				9AC191CBC38988464377B878 /* Check Pods Manifest.lock */,
				A25A39F61CEF1E1B00600389 /* Sources */,
				A25A39F71CEF1E1B00600389 /* Frameworks */,
				A25A39F81CEF1E1B00600389 /* Resources */,
				094EA92799D20BCDE9145FC1 /* Embed Pods Frameworks */,
				C865D078363F86A8B1C96B35 /* Copy Pods Resources */,
			);
			buildRules = (
			);
			dependencies = (
			);
			name = NurseAvailability;
			productName = NurseAvailability;
			productReference = A25A39FA1CEF1E1B00600389 /* NurseAvailability.app */;
			productType = "com.apple.product-type.application";
		};
		A25A3A0D1CEF1E1B00600389 /* NurseAvailabilityTests */ = {
			isa = PBXNativeTarget;
			buildConfigurationList = A25A3A251CEF1E1B00600389 /* Build configuration list for PBXNativeTarget "NurseAvailabilityTests" */;
			buildPhases = (
				A25A3A0A1CEF1E1B00600389 /* Sources */,
				A25A3A0B1CEF1E1B00600389 /* Frameworks */,
				A25A3A0C1CEF1E1B00600389 /* Resources */,
			);
			buildRules = (
			);
			dependencies = (
				A25A3A101CEF1E1B00600389 /* PBXTargetDependency */,
			);
			name = NurseAvailabilityTests;
			productName = NurseAvailabilityTests;
			productReference = A25A3A0E1CEF1E1B00600389 /* NurseAvailabilityTests.xctest */;
			productType = "com.apple.product-type.bundle.unit-test";
		};
		A25A3A181CEF1E1B00600389 /* NurseAvailabilityUITests */ = {
			isa = PBXNativeTarget;
			buildConfigurationList = A25A3A281CEF1E1B00600389 /* Build configuration list for PBXNativeTarget "NurseAvailabilityUITests" */;
			buildPhases = (
				A25A3A151CEF1E1B00600389 /* Sources */,
				A25A3A161CEF1E1B00600389 /* Frameworks */,
				A25A3A171CEF1E1B00600389 /* Resources */,
			);
			buildRules = (
			);
			dependencies = (
				A25A3A1B1CEF1E1B00600389 /* PBXTargetDependency */,
			);
			name = NurseAvailabilityUITests;
			productName = NurseAvailabilityUITests;
			productReference = A25A3A191CEF1E1B00600389 /* NurseAvailabilityUITests.xctest */;
			productType = "com.apple.product-type.bundle.ui-testing";
		};
/* End PBXNativeTarget section */

/* Begin PBXProject section */
		A25A39F21CEF1E1B00600389 /* Project object */ = {
			isa = PBXProject;
			attributes = {
				LastSwiftUpdateCheck = 0730;
				LastUpgradeCheck = 0730;
				ORGANIZATIONNAME = "Marks and Spencer";
				TargetAttributes = {
					A25A39F91CEF1E1B00600389 = {
						CreatedOnToolsVersion = 7.3.1;
					};
					A25A3A0D1CEF1E1B00600389 = {
						CreatedOnToolsVersion = 7.3.1;
						TestTargetID = A25A39F91CEF1E1B00600389;
					};
					A25A3A181CEF1E1B00600389 = {
						CreatedOnToolsVersion = 7.3.1;
						TestTargetID = A25A39F91CEF1E1B00600389;
					};
				};
			};
			buildConfigurationList = A25A39F51CEF1E1B00600389 /* Build configuration list for PBXProject "NurseAvailability" */;
			compatibilityVersion = "Xcode 3.2";
			developmentRegion = English;
			hasScannedForEncodings = 0;
			knownRegions = (
				en,
				Base,
			);
			mainGroup = A25A39F11CEF1E1B00600389;
			productRefGroup = A25A39FB1CEF1E1B00600389 /* Products */;
			projectDirPath = "";
			projectRoot = "";
			targets = (
				A25A39F91CEF1E1B00600389 /* NurseAvailability */,
				A25A3A0D1CEF1E1B00600389 /* NurseAvailabilityTests */,
				A25A3A181CEF1E1B00600389 /* NurseAvailabilityUITests */,
			);
		};
/* End PBXProject section */

/* Begin PBXResourcesBuildPhase section */
		A25A39F81CEF1E1B00600389 /* Resources */ = {
			isa = PBXResourcesBuildPhase;
			buildActionMask = 2147483647;
			files = (
				A25A3A081CEF1E1B00600389 /* LaunchScreen.storyboard in Resources */,
				A299E0F71CF4F61F00DDC539 /* nurse_register.png in Resources */,
				A299E0F91CF4F66700DDC539 /* Info.plist in Resources */,
				A299E0F61CF4F61F00DDC539 /* nurse_login.png in Resources */,
				A25A3A051CEF1E1B00600389 /* Assets.xcassets in Resources */,
				A25A3A031CEF1E1B00600389 /* Main.storyboard in Resources */,
			);
			runOnlyForDeploymentPostprocessing = 0;
		};
		A25A3A0C1CEF1E1B00600389 /* Resources */ = {
			isa = PBXResourcesBuildPhase;
			buildActionMask = 2147483647;
			files = (
			);
			runOnlyForDeploymentPostprocessing = 0;
		};
		A25A3A171CEF1E1B00600389 /* Resources */ = {
			isa = PBXResourcesBuildPhase;
			buildActionMask = 2147483647;
			files = (
			);
			runOnlyForDeploymentPostprocessing = 0;
		};
/* End PBXResourcesBuildPhase section */

/* Begin PBXShellScriptBuildPhase section */
		094EA92799D20BCDE9145FC1 /* Embed Pods Frameworks */ = {
			isa = PBXShellScriptBuildPhase;
			buildActionMask = 2147483647;
			files = (
			);
			inputPaths = (
			);
			name = "Embed Pods Frameworks";
			outputPaths = (
			);
			runOnlyForDeploymentPostprocessing = 0;
			shellPath = /bin/sh;
			shellScript = "\"${SRCROOT}/Pods/Target Support Files/Pods-NurseAvailability/Pods-NurseAvailability-frameworks.sh\"\n";
			showEnvVarsInLog = 0;
		};
		9AC191CBC38988464377B878 /* Check Pods Manifest.lock */ = {
			isa = PBXShellScriptBuildPhase;
			buildActionMask = 2147483647;
			files = (
			);
			inputPaths = (
			);
			name = "Check Pods Manifest.lock";
			outputPaths = (
			);
			runOnlyForDeploymentPostprocessing = 0;
			shellPath = /bin/sh;
			shellScript = "diff \"${PODS_ROOT}/../Podfile.lock\" \"${PODS_ROOT}/Manifest.lock\" > /dev/null\nif [[ $? != 0 ]] ; then\n    cat << EOM\nerror: The sandbox is not in sync with the Podfile.lock. Run 'pod install' or update your CocoaPods installation.\nEOM\n    exit 1\nfi\n";
			showEnvVarsInLog = 0;
		};
		C865D078363F86A8B1C96B35 /* Copy Pods Resources */ = {
			isa = PBXShellScriptBuildPhase;
			buildActionMask = 2147483647;
			files = (
			);
			inputPaths = (
			);
			name = "Copy Pods Resources";
			outputPaths = (
			);
			runOnlyForDeploymentPostprocessing = 0;
			shellPath = /bin/sh;
			shellScript = "\"${SRCROOT}/Pods/Target Support Files/Pods-NurseAvailability/Pods-NurseAvailability-resources.sh\"\n";
			showEnvVarsInLog = 0;
		};
/* End PBXShellScriptBuildPhase section */

/* Begin PBXSourcesBuildPhase section */
		A25A39F61CEF1E1B00600389 /* Sources */ = {
			isa = PBXSourcesBuildPhase;
			buildActionMask = 2147483647;
			files = (
				A2AEB81B1CF73BEC0006BEF2 /* NurseLoginClient.swift in Sources */,
				A299E0F11CF4F60100DDC539 /* AppDelegate.swift in Sources */,
				A2FAA1AB1D32CE07003BD207 /* AvailabilityViewController.swift in Sources */,
				A279D6161D6269CF001A601D /* NurseEventClient.swift in Sources */,
				A25A3A3C1CEF70EA00600389 /* SignUpDetailsView.swift in Sources */,
				A299E0EF1CF4F5F100DDC539 /* SignUpViewModel.swift in Sources */,
				A299E0ED1CF4F5E400DDC539 /* HomeViewController.swift in Sources */,
				A2AEB8171CF7370A0006BEF2 /* LoginViewController.swift in Sources */,
				A299E0EB1CF49F6D00DDC539 /* Validator.swift in Sources */,
				A25A3A361CEF476100600389 /* SignUpViewController.swift in Sources */,
				A279D6181D6506F0001A601D /* AvailabilityViewModel.swift in Sources */,
				A299E0E81CF4548700DDC539 /* NurseSignUpClient.swift in Sources */,
				A2AEB8191CF73AD30006BEF2 /* LoginViewModel.swift in Sources */,
			);
			runOnlyForDeploymentPostprocessing = 0;
		};
		A25A3A0A1CEF1E1B00600389 /* Sources */ = {
			isa = PBXSourcesBuildPhase;
			buildActionMask = 2147483647;
			files = (
				A25A3A131CEF1E1B00600389 /* NurseAvailabilityTests.swift in Sources */,
			);
			runOnlyForDeploymentPostprocessing = 0;
		};
		A25A3A151CEF1E1B00600389 /* Sources */ = {
			isa = PBXSourcesBuildPhase;
			buildActionMask = 2147483647;
			files = (
				A25A3A1E1CEF1E1B00600389 /* NurseAvailabilityUITests.swift in Sources */,
			);
			runOnlyForDeploymentPostprocessing = 0;
		};
/* End PBXSourcesBuildPhase section */

/* Begin PBXTargetDependency section */
		A25A3A101CEF1E1B00600389 /* PBXTargetDependency */ = {
			isa = PBXTargetDependency;
			target = A25A39F91CEF1E1B00600389 /* NurseAvailability */;
			targetProxy = A25A3A0F1CEF1E1B00600389 /* PBXContainerItemProxy */;
		};
		A25A3A1B1CEF1E1B00600389 /* PBXTargetDependency */ = {
			isa = PBXTargetDependency;
			target = A25A39F91CEF1E1B00600389 /* NurseAvailability */;
			targetProxy = A25A3A1A1CEF1E1B00600389 /* PBXContainerItemProxy */;
		};
/* End PBXTargetDependency section */

/* Begin PBXVariantGroup section */
		A25A3A011CEF1E1B00600389 /* Main.storyboard */ = {
			isa = PBXVariantGroup;
			children = (
				A25A3A021CEF1E1B00600389 /* Base */,
			);
			name = Main.storyboard;
			sourceTree = "<group>";
		};
		A25A3A061CEF1E1B00600389 /* LaunchScreen.storyboard */ = {
			isa = PBXVariantGroup;
			children = (
				A25A3A071CEF1E1B00600389 /* Base */,
			);
			name = LaunchScreen.storyboard;
			sourceTree = "<group>";
		};
/* End PBXVariantGroup section */

/* Begin XCBuildConfiguration section */
		A25A3A201CEF1E1B00600389 /* Debug */ = {
			isa = XCBuildConfiguration;
			buildSettings = {
				ALWAYS_SEARCH_USER_PATHS = NO;
				CLANG_ANALYZER_NONNULL = YES;
				CLANG_CXX_LANGUAGE_STANDARD = "gnu++0x";
				CLANG_CXX_LIBRARY = "libc++";
				CLANG_ENABLE_MODULES = YES;
				CLANG_ENABLE_OBJC_ARC = YES;
				CLANG_WARN_BOOL_CONVERSION = YES;
				CLANG_WARN_CONSTANT_CONVERSION = YES;
				CLANG_WARN_DIRECT_OBJC_ISA_USAGE = YES_ERROR;
				CLANG_WARN_EMPTY_BODY = YES;
				CLANG_WARN_ENUM_CONVERSION = YES;
				CLANG_WARN_INT_CONVERSION = YES;
				CLANG_WARN_OBJC_ROOT_CLASS = YES_ERROR;
				CLANG_WARN_UNREACHABLE_CODE = YES;
				CLANG_WARN__DUPLICATE_METHOD_MATCH = YES;
				"CODE_SIGN_IDENTITY[sdk=iphoneos*]" = "iPhone Developer";
				COPY_PHASE_STRIP = NO;
				DEBUG_INFORMATION_FORMAT = dwarf;
				ENABLE_STRICT_OBJC_MSGSEND = YES;
				ENABLE_TESTABILITY = YES;
				GCC_C_LANGUAGE_STANDARD = gnu99;
				GCC_DYNAMIC_NO_PIC = NO;
				GCC_NO_COMMON_BLOCKS = YES;
				GCC_OPTIMIZATION_LEVEL = 0;
				GCC_PREPROCESSOR_DEFINITIONS = (
					"DEBUG=1",
					"$(inherited)",
				);
				GCC_WARN_64_TO_32_BIT_CONVERSION = YES;
				GCC_WARN_ABOUT_RETURN_TYPE = YES_ERROR;
				GCC_WARN_UNDECLARED_SELECTOR = YES;
				GCC_WARN_UNINITIALIZED_AUTOS = YES_AGGRESSIVE;
				GCC_WARN_UNUSED_FUNCTION = YES;
				GCC_WARN_UNUSED_VARIABLE = YES;
				IPHONEOS_DEPLOYMENT_TARGET = 9.3;
				MTL_ENABLE_DEBUG_INFO = YES;
				ONLY_ACTIVE_ARCH = YES;
				SDKROOT = iphoneos;
				SWIFT_OBJC_BRIDGING_HEADER = "NurseAvailability/Supporting Files/NurseAvailability-bridging-header.h";
				SWIFT_OPTIMIZATION_LEVEL = "-Onone";
			};
			name = Debug;
		};
		A25A3A211CEF1E1B00600389 /* Release */ = {
			isa = XCBuildConfiguration;
			buildSettings = {
				ALWAYS_SEARCH_USER_PATHS = NO;
				CLANG_ANALYZER_NONNULL = YES;
				CLANG_CXX_LANGUAGE_STANDARD = "gnu++0x";
				CLANG_CXX_LIBRARY = "libc++";
				CLANG_ENABLE_MODULES = YES;
				CLANG_ENABLE_OBJC_ARC = YES;
				CLANG_WARN_BOOL_CONVERSION = YES;
				CLANG_WARN_CONSTANT_CONVERSION = YES;
				CLANG_WARN_DIRECT_OBJC_ISA_USAGE = YES_ERROR;
				CLANG_WARN_EMPTY_BODY = YES;
				CLANG_WARN_ENUM_CONVERSION = YES;
				CLANG_WARN_INT_CONVERSION = YES;
				CLANG_WARN_OBJC_ROOT_CLASS = YES_ERROR;
				CLANG_WARN_UNREACHABLE_CODE = YES;
				CLANG_WARN__DUPLICATE_METHOD_MATCH = YES;
				"CODE_SIGN_IDENTITY[sdk=iphoneos*]" = "iPhone Developer";
				COPY_PHASE_STRIP = NO;
				DEBUG_INFORMATION_FORMAT = "dwarf-with-dsym";
				ENABLE_NS_ASSERTIONS = NO;
				ENABLE_STRICT_OBJC_MSGSEND = YES;
				GCC_C_LANGUAGE_STANDARD = gnu99;
				GCC_NO_COMMON_BLOCKS = YES;
				GCC_WARN_64_TO_32_BIT_CONVERSION = YES;
				GCC_WARN_ABOUT_RETURN_TYPE = YES_ERROR;
				GCC_WARN_UNDECLARED_SELECTOR = YES;
				GCC_WARN_UNINITIALIZED_AUTOS = YES_AGGRESSIVE;
				GCC_WARN_UNUSED_FUNCTION = YES;
				GCC_WARN_UNUSED_VARIABLE = YES;
				IPHONEOS_DEPLOYMENT_TARGET = 9.3;
				MTL_ENABLE_DEBUG_INFO = NO;
				SDKROOT = iphoneos;
				SWIFT_OBJC_BRIDGING_HEADER = "NurseAvailability/Supporting Files/NurseAvailability-bridging-header.h";
				VALIDATE_PRODUCT = YES;
			};
			name = Release;
		};
		A25A3A231CEF1E1B00600389 /* Debug */ = {
			isa = XCBuildConfiguration;
			baseConfigurationReference = 478980AF62E625E515EC7212 /* Pods-NurseAvailability.debug.xcconfig */;
			buildSettings = {
				ASSETCATALOG_COMPILER_APPICON_NAME = AppIcon;
				INFOPLIST_FILE = NurseAvailability/Info.plist;
				LD_RUNPATH_SEARCH_PATHS = "$(inherited) @executable_path/Frameworks";
				PRODUCT_BUNDLE_IDENTIFIER = com.marksandspencer.di.NurseAvailability;
				PRODUCT_NAME = "$(TARGET_NAME)";
			};
			name = Debug;
		};
		A25A3A241CEF1E1B00600389 /* Release */ = {
			isa = XCBuildConfiguration;
			baseConfigurationReference = 8ADCD76341EF18B9586E6E24 /* Pods-NurseAvailability.release.xcconfig */;
			buildSettings = {
				ASSETCATALOG_COMPILER_APPICON_NAME = AppIcon;
				INFOPLIST_FILE = NurseAvailability/Info.plist;
				LD_RUNPATH_SEARCH_PATHS = "$(inherited) @executable_path/Frameworks";
				PRODUCT_BUNDLE_IDENTIFIER = com.marksandspencer.di.NurseAvailability;
				PRODUCT_NAME = "$(TARGET_NAME)";
			};
			name = Release;
		};
		A25A3A261CEF1E1B00600389 /* Debug */ = {
			isa = XCBuildConfiguration;
			buildSettings = {
				BUNDLE_LOADER = "$(TEST_HOST)";
				INFOPLIST_FILE = NurseAvailabilityTests/Info.plist;
				LD_RUNPATH_SEARCH_PATHS = "$(inherited) @executable_path/Frameworks @loader_path/Frameworks";
				PRODUCT_BUNDLE_IDENTIFIER = com.marksandspencer.di.NurseAvailabilityTests;
				PRODUCT_NAME = "$(TARGET_NAME)";
				TEST_HOST = "$(BUILT_PRODUCTS_DIR)/NurseAvailability.app/NurseAvailability";
			};
			name = Debug;
		};
		A25A3A271CEF1E1B00600389 /* Release */ = {
			isa = XCBuildConfiguration;
			buildSettings = {
				BUNDLE_LOADER = "$(TEST_HOST)";
				INFOPLIST_FILE = NurseAvailabilityTests/Info.plist;
				LD_RUNPATH_SEARCH_PATHS = "$(inherited) @executable_path/Frameworks @loader_path/Frameworks";
				PRODUCT_BUNDLE_IDENTIFIER = com.marksandspencer.di.NurseAvailabilityTests;
				PRODUCT_NAME = "$(TARGET_NAME)";
				TEST_HOST = "$(BUILT_PRODUCTS_DIR)/NurseAvailability.app/NurseAvailability";
			};
			name = Release;
		};
		A25A3A291CEF1E1B00600389 /* Debug */ = {
			isa = XCBuildConfiguration;
			buildSettings = {
				INFOPLIST_FILE = NurseAvailabilityUITests/Info.plist;
				LD_RUNPATH_SEARCH_PATHS = "$(inherited) @executable_path/Frameworks @loader_path/Frameworks";
				PRODUCT_BUNDLE_IDENTIFIER = com.marksandspencer.di.NurseAvailabilityUITests;
				PRODUCT_NAME = "$(TARGET_NAME)";
				TEST_TARGET_NAME = NurseAvailability;
			};
			name = Debug;
		};
		A25A3A2A1CEF1E1B00600389 /* Release */ = {
			isa = XCBuildConfiguration;
			buildSettings = {
				INFOPLIST_FILE = NurseAvailabilityUITests/Info.plist;
				LD_RUNPATH_SEARCH_PATHS = "$(inherited) @executable_path/Frameworks @loader_path/Frameworks";
				PRODUCT_BUNDLE_IDENTIFIER = com.marksandspencer.di.NurseAvailabilityUITests;
				PRODUCT_NAME = "$(TARGET_NAME)";
				TEST_TARGET_NAME = NurseAvailability;
			};
			name = Release;
		};
/* End XCBuildConfiguration section */

/* Begin XCConfigurationList section */
		A25A39F51CEF1E1B00600389 /* Build configuration list for PBXProject "NurseAvailability" */ = {
			isa = XCConfigurationList;
			buildConfigurations = (
				A25A3A201CEF1E1B00600389 /* Debug */,
				A25A3A211CEF1E1B00600389 /* Release */,
			);
			defaultConfigurationIsVisible = 0;
			defaultConfigurationName = Release;
		};
		A25A3A221CEF1E1B00600389 /* Build configuration list for PBXNativeTarget "NurseAvailability" */ = {
			isa = XCConfigurationList;
			buildConfigurations = (
				A25A3A231CEF1E1B00600389 /* Debug */,
				A25A3A241CEF1E1B00600389 /* Release */,
			);
			defaultConfigurationIsVisible = 0;
			defaultConfigurationName = Release;
		};
		A25A3A251CEF1E1B00600389 /* Build configuration list for PBXNativeTarget "NurseAvailabilityTests" */ = {
			isa = XCConfigurationList;
			buildConfigurations = (
				A25A3A261CEF1E1B00600389 /* Debug */,
				A25A3A271CEF1E1B00600389 /* Release */,
			);
			defaultConfigurationIsVisible = 0;
			defaultConfigurationName = Release;
		};
		A25A3A281CEF1E1B00600389 /* Build configuration list for PBXNativeTarget "NurseAvailabilityUITests" */ = {
			isa = XCConfigurationList;
			buildConfigurations = (
				A25A3A291CEF1E1B00600389 /* Debug */,
				A25A3A2A1CEF1E1B00600389 /* Release */,
			);
			defaultConfigurationIsVisible = 0;
			defaultConfigurationName = Release;
		};
/* End XCConfigurationList section */
	};
	rootObject = A25A39F21CEF1E1B00600389 /* Project object */;
}
